
Microsoft Visual Studio Solution File, Format Version 12.00
# Visual Studio Version 17
VisualStudioVersion = 17.14.36414.22 d17.14
MinimumVisualStudioVersion = 10.0.40219.1
Project("{FAE04EC0-301F-11D3-BF4B-00C04F79EFBC}") = "Entity FrameWork 2", "Entity FrameWork 2.csproj", "{4DD55031-0D63-40B7-A985-EBE2253472DB}"
EndProject
Global
	GlobalSection(SolutionConfigurationPlatforms) = preSolution
		Debug|Any CPU = Debug|Any CPU
		Release|Any CPU = Release|Any CPU
	EndGlobalSection
	GlobalSection(ProjectConfigurationPlatforms) = postSolution
		{4DD55031-0D63-40B7-A985-EBE2253472DB}.Debug|Any CPU.ActiveCfg = Debug|Any CPU
		{4DD55031-0D63-40B7-A985-EBE2253472DB}.Debug|Any CPU.Build.0 = Debug|Any CPU
		{4DD55031-0D63-40B7-A985-EBE2253472DB}.Release|Any CPU.ActiveCfg = Release|Any CPU
		{4DD55031-0D63-40B7-A985-EBE2253472DB}.Release|Any CPU.Build.0 = Release|Any CPU
	EndGlobalSection
	GlobalSection(SolutionProperties) = preSolution
		HideSolutionNode = FALSE
	EndGlobalSection
	GlobalSection(ExtensibilityGlobals) = postSolution
		SolutionGuid = {40354F0A-EFEB-4C56-BB4A-06516DF212FB}
	EndGlobalSection
EndGlobal
