
Microsoft Visual Studio Solution File, Format Version 12.00
# Visual Studio Version 17
VisualStudioVersion = 17.9.34701.34
MinimumVisualStudioVersion = 10.0.40219.1
Project("{FAE04EC0-301F-11D3-BF4B-00C04F79EFBC}") = "bank task", "bank task\bank task.csproj", "{D7224470-0DA7-4A86-8175-9E666B43B5BE}"
EndProject
Global
	GlobalSection(SolutionConfigurationPlatforms) = preSolution
		Debug|Any CPU = Debug|Any CPU
		Release|Any CPU = Release|Any CPU
	EndGlobalSection
	GlobalSection(ProjectConfigurationPlatforms) = postSolution
		{D7224470-0DA7-4A86-8175-9E666B43B5BE}.Debug|Any CPU.ActiveCfg = Debug|Any CPU
		{D7224470-0DA7-4A86-8175-9E666B43B5BE}.Debug|Any CPU.Build.0 = Debug|Any CPU
		{D7224470-0DA7-4A86-8175-9E666B43B5BE}.Release|Any CPU.ActiveCfg = Release|Any CPU
		{D7224470-0DA7-4A86-8175-9E666B43B5BE}.Release|Any CPU.Build.0 = Release|Any CPU
	EndGlobalSection
	GlobalSection(SolutionProperties) = preSolution
		HideSolutionNode = FALSE
	EndGlobalSection
	GlobalSection(ExtensibilityGlobals) = postSolution
		SolutionGuid = {36FF6890-7475-470A-8D7B-0255D158CDEB}
	EndGlobalSection
EndGlobal
