
Microsoft Visual Studio Solution File, Format Version 12.00
# Visual Studio Version 17
VisualStudioVersion = 17.14.36414.22 d17.14
MinimumVisualStudioVersion = 10.0.40219.1
Project("{FAE04EC0-301F-11D3-BF4B-00C04F79EFBC}") = "HRAPI", "HRAPI.csproj", "{E67E3590-BC9E-420B-8AC4-EF639106D543}"
EndProject
Global
	GlobalSection(SolutionConfigurationPlatforms) = preSolution
		Debug|Any CPU = Debug|Any CPU
		Release|Any CPU = Release|Any CPU
	EndGlobalSection
	GlobalSection(ProjectConfigurationPlatforms) = postSolution
		{E67E3590-BC9E-420B-8AC4-EF639106D543}.Debug|Any CPU.ActiveCfg = Debug|Any CPU
		{E67E3590-BC9E-420B-8AC4-EF639106D543}.Debug|Any CPU.Build.0 = Debug|Any CPU
		{E67E3590-BC9E-420B-8AC4-EF639106D543}.Release|Any CPU.ActiveCfg = Release|Any CPU
		{E67E3590-BC9E-420B-8AC4-EF639106D543}.Release|Any CPU.Build.0 = Release|Any CPU
	EndGlobalSection
	GlobalSection(SolutionProperties) = preSolution
		HideSolutionNode = FALSE
	EndGlobalSection
	GlobalSection(ExtensibilityGlobals) = postSolution
		SolutionGuid = {12628074-F689-4F3B-9320-D8AD4F7FD71D}
	EndGlobalSection
EndGlobal
